// !$*UTF8*$!
{
	archiveVersion = 1;
	classes = {
	};
	objectVersion = 46;
	objects = {

/* Begin PBXBuildFile section */
		EA17D7DC180F138A002763B8 /* TDAudioFileStream.m in Sources */ = {isa = PBXBuildFile; fileRef = EA17D7D5180F138A002763B8 /* TDAudioFileStream.m */; };
		EA17D7DD180F138A002763B8 /* TDAudioQueue.m in Sources */ = {isa = PBXBuildFile; fileRef = EA17D7D7180F138A002763B8 /* TDAudioQueue.m */; };
		EA17D7DE180F138A002763B8 /* TDAudioQueueBuffer.m in Sources */ = {isa = PBXBuildFile; fileRef = EA17D7D9180F138A002763B8 /* TDAudioQueueBuffer.m */; };
		EA17D7DF180F138A002763B8 /* TDAudioStream.m in Sources */ = {isa = PBXBuildFile; fileRef = EA17D7DB180F138A002763B8 /* TDAudioStream.m */; };
		EA17D7E2180F1393002763B8 /* TDAudioInputStreamer.m in Sources */ = {isa = PBXBuildFile; fileRef = EA17D7E1180F1393002763B8 /* TDAudioInputStreamer.m */; };
		EA17D7E6180F1A89002763B8 /* TDSingleStreamViewController.m in Sources */ = {isa = PBXBuildFile; fileRef = EA17D7E5180F1A89002763B8 /* TDSingleStreamViewController.m */; };
		EA17D7E9180F7A94002763B8 /* TDAudioPlayer.m in Sources */ = {isa = PBXBuildFile; fileRef = EA17D7E8180F7A94002763B8 /* TDAudioPlayer.m */; };
		EA17D7F318105C1D002763B8 /* TDMultiStreamViewController.m in Sources */ = {isa = PBXBuildFile; fileRef = EA17D7F218105C1D002763B8 /* TDMultiStreamViewController.m */; };
		EA17D7F51811C2D8002763B8 /* AVFoundation.framework in Frameworks */ = {isa = PBXBuildFile; fileRef = EA17D7F41811C2D8002763B8 /* AVFoundation.framework */; };
		EA17D7F71811C2E1002763B8 /* AudioToolbox.framework in Frameworks */ = {isa = PBXBuildFile; fileRef = EA17D7F61811C2E1002763B8 /* AudioToolbox.framework */; };
		EA17D7FA1811D68E002763B8 /* TDAudioControlViewController.m in Sources */ = {isa = PBXBuildFile; fileRef = EA17D7F91811D68E002763B8 /* TDAudioControlViewController.m */; };
		EA17D7FC1811D9CD002763B8 /* MediaPlayer.framework in Frameworks */ = {isa = PBXBuildFile; fileRef = EA17D7FB1811D9CD002763B8 /* MediaPlayer.framework */; };
		EA3E8921182C185900BF7DA3 /* TDDemoPlaylist.m in Sources */ = {isa = PBXBuildFile; fileRef = EA3E8920182C185900BF7DA3 /* TDDemoPlaylist.m */; };
		EA7B2E57182048E30007A936 /* TDAudioQueueController.m in Sources */ = {isa = PBXBuildFile; fileRef = EA7B2E56182048E30007A936 /* TDAudioQueueController.m */; };
		EA7B2E5A182048FF0007A936 /* TDAudioQueueBufferManager.m in Sources */ = {isa = PBXBuildFile; fileRef = EA7B2E59182048FF0007A936 /* TDAudioQueueBufferManager.m */; };
		EA7B2E5D1822A0D00007A936 /* TDAudioQueueFiller.m in Sources */ = {isa = PBXBuildFile; fileRef = EA7B2E5C1822A0D00007A936 /* TDAudioQueueFiller.m */; };
		EA8302A818242854000C4FDC /* TDDemoTrack.m in Sources */ = {isa = PBXBuildFile; fileRef = EA8302A718242854000C4FDC /* TDDemoTrack.m */; };
		EAA66EB61832A579004FB32A /* NSMutableArray+QueueMethods.m in Sources */ = {isa = PBXBuildFile; fileRef = EAA66EB51832A578004FB32A /* NSMutableArray+QueueMethods.m */; };
		EAB2C12C18316EB0008B3F41 /* NSInputStream+URLInitialization.m in Sources */ = {isa = PBXBuildFile; fileRef = EAB2C12B18316EB0008B3F41 /* NSInputStream+URLInitialization.m */; };
		EAB9C62318299903005A0C11 /* TDAudioPlayerConstants.m in Sources */ = {isa = PBXBuildFile; fileRef = EAB9C62218299903005A0C11 /* TDAudioPlayerConstants.m */; };
		EAB9C6251829A1B3005A0C11 /* TDAudioMetaInfo.m in Sources */ = {isa = PBXBuildFile; fileRef = EAB9C6241829A1B3005A0C11 /* TDAudioMetaInfo.m */; };
		EABB0617180F0C96006E7D66 /* Foundation.framework in Frameworks */ = {isa = PBXBuildFile; fileRef = EABB0616180F0C96006E7D66 /* Foundation.framework */; };
		EABB0619180F0C96006E7D66 /* CoreGraphics.framework in Frameworks */ = {isa = PBXBuildFile; fileRef = EABB0618180F0C96006E7D66 /* CoreGraphics.framework */; };
		EABB061B180F0C96006E7D66 /* UIKit.framework in Frameworks */ = {isa = PBXBuildFile; fileRef = EABB061A180F0C96006E7D66 /* UIKit.framework */; };
		EABB0621180F0C96006E7D66 /* InfoPlist.strings in Resources */ = {isa = PBXBuildFile; fileRef = EABB061F180F0C96006E7D66 /* InfoPlist.strings */; };
		EABB0623180F0C96006E7D66 /* main.m in Sources */ = {isa = PBXBuildFile; fileRef = EABB0622180F0C96006E7D66 /* main.m */; };
		EABB0627180F0C96006E7D66 /* TDAppDelegate.m in Sources */ = {isa = PBXBuildFile; fileRef = EABB0626180F0C96006E7D66 /* TDAppDelegate.m */; };
		EABB062A180F0C96006E7D66 /* Main.storyboard in Resources */ = {isa = PBXBuildFile; fileRef = EABB0628180F0C96006E7D66 /* Main.storyboard */; };
		EABB062D180F0C96006E7D66 /* TDMasterViewController.m in Sources */ = {isa = PBXBuildFile; fileRef = EABB062C180F0C96006E7D66 /* TDMasterViewController.m */; };
		EABB0632180F0C96006E7D66 /* Images.xcassets in Resources */ = {isa = PBXBuildFile; fileRef = EABB0631180F0C96006E7D66 /* Images.xcassets */; };
		EABB0639180F0C96006E7D66 /* XCTest.framework in Frameworks */ = {isa = PBXBuildFile; fileRef = EABB0638180F0C96006E7D66 /* XCTest.framework */; };
		EABB063A180F0C96006E7D66 /* Foundation.framework in Frameworks */ = {isa = PBXBuildFile; fileRef = EABB0616180F0C96006E7D66 /* Foundation.framework */; };
		EABB063B180F0C96006E7D66 /* UIKit.framework in Frameworks */ = {isa = PBXBuildFile; fileRef = EABB061A180F0C96006E7D66 /* UIKit.framework */; };
		EABB0643180F0C96006E7D66 /* InfoPlist.strings in Resources */ = {isa = PBXBuildFile; fileRef = EABB0641180F0C96006E7D66 /* InfoPlist.strings */; };
		EABB0645180F0C96006E7D66 /* TDAudioPlayerTests.m in Sources */ = {isa = PBXBuildFile; fileRef = EABB0644180F0C96006E7D66 /* TDAudioPlayerTests.m */; };
/* End PBXBuildFile section */

/* Begin PBXContainerItemProxy section */
		EABB063C180F0C96006E7D66 /* PBXContainerItemProxy */ = {
			isa = PBXContainerItemProxy;
			containerPortal = EABB060B180F0C96006E7D66 /* Project object */;
			proxyType = 1;
			remoteGlobalIDString = EABB0612180F0C96006E7D66;
			remoteInfo = TDAudioPlayer;
		};
/* End PBXContainerItemProxy section */

/* Begin PBXFileReference section */
		EA17D7D4180F138A002763B8 /* TDAudioFileStream.h */ = {isa = PBXFileReference; fileEncoding = 4; lastKnownFileType = sourcecode.c.h; path = TDAudioFileStream.h; sourceTree = "<group>"; };
		EA17D7D5180F138A002763B8 /* TDAudioFileStream.m */ = {isa = PBXFileReference; fileEncoding = 4; lastKnownFileType = sourcecode.c.objc; path = TDAudioFileStream.m; sourceTree = "<group>"; };
		EA17D7D6180F138A002763B8 /* TDAudioQueue.h */ = {isa = PBXFileReference; fileEncoding = 4; lastKnownFileType = sourcecode.c.h; path = TDAudioQueue.h; sourceTree = "<group>"; };
		EA17D7D7180F138A002763B8 /* TDAudioQueue.m */ = {isa = PBXFileReference; fileEncoding = 4; lastKnownFileType = sourcecode.c.objc; path = TDAudioQueue.m; sourceTree = "<group>"; };
		EA17D7D8180F138A002763B8 /* TDAudioQueueBuffer.h */ = {isa = PBXFileReference; fileEncoding = 4; lastKnownFileType = sourcecode.c.h; path = TDAudioQueueBuffer.h; sourceTree = "<group>"; };
		EA17D7D9180F138A002763B8 /* TDAudioQueueBuffer.m */ = {isa = PBXFileReference; fileEncoding = 4; lastKnownFileType = sourcecode.c.objc; path = TDAudioQueueBuffer.m; sourceTree = "<group>"; };
		EA17D7DA180F138A002763B8 /* TDAudioStream.h */ = {isa = PBXFileReference; fileEncoding = 4; lastKnownFileType = sourcecode.c.h; path = TDAudioStream.h; sourceTree = "<group>"; };
		EA17D7DB180F138A002763B8 /* TDAudioStream.m */ = {isa = PBXFileReference; fileEncoding = 4; lastKnownFileType = sourcecode.c.objc; path = TDAudioStream.m; sourceTree = "<group>"; };
		EA17D7E0180F1393002763B8 /* TDAudioInputStreamer.h */ = {isa = PBXFileReference; fileEncoding = 4; lastKnownFileType = sourcecode.c.h; path = TDAudioInputStreamer.h; sourceTree = "<group>"; };
		EA17D7E1180F1393002763B8 /* TDAudioInputStreamer.m */ = {isa = PBXFileReference; fileEncoding = 4; lastKnownFileType = sourcecode.c.objc; path = TDAudioInputStreamer.m; sourceTree = "<group>"; };
		EA17D7E4180F1A89002763B8 /* TDSingleStreamViewController.h */ = {isa = PBXFileReference; fileEncoding = 4; lastKnownFileType = sourcecode.c.h; path = TDSingleStreamViewController.h; sourceTree = "<group>"; };
		EA17D7E5180F1A89002763B8 /* TDSingleStreamViewController.m */ = {isa = PBXFileReference; fileEncoding = 4; lastKnownFileType = sourcecode.c.objc; path = TDSingleStreamViewController.m; sourceTree = "<group>"; };
		EA17D7E7180F7A94002763B8 /* TDAudioPlayer.h */ = {isa = PBXFileReference; fileEncoding = 4; lastKnownFileType = sourcecode.c.h; path = TDAudioPlayer.h; sourceTree = "<group>"; };
		EA17D7E8180F7A94002763B8 /* TDAudioPlayer.m */ = {isa = PBXFileReference; fileEncoding = 4; lastKnownFileType = sourcecode.c.objc; path = TDAudioPlayer.m; sourceTree = "<group>"; };
		EA17D7EE180FB963002763B8 /* TDAudioMetaInfo.h */ = {isa = PBXFileReference; fileEncoding = 4; lastKnownFileType = sourcecode.c.h; path = TDAudioMetaInfo.h; sourceTree = "<group>"; };
		EA17D7F118105C1D002763B8 /* TDMultiStreamViewController.h */ = {isa = PBXFileReference; fileEncoding = 4; lastKnownFileType = sourcecode.c.h; path = TDMultiStreamViewController.h; sourceTree = "<group>"; };
		EA17D7F218105C1D002763B8 /* TDMultiStreamViewController.m */ = {isa = PBXFileReference; fileEncoding = 4; lastKnownFileType = sourcecode.c.objc; path = TDMultiStreamViewController.m; sourceTree = "<group>"; };
		EA17D7F41811C2D8002763B8 /* AVFoundation.framework */ = {isa = PBXFileReference; lastKnownFileType = wrapper.framework; name = AVFoundation.framework; path = System/Library/Frameworks/AVFoundation.framework; sourceTree = SDKROOT; };
		EA17D7F61811C2E1002763B8 /* AudioToolbox.framework */ = {isa = PBXFileReference; lastKnownFileType = wrapper.framework; name = AudioToolbox.framework; path = System/Library/Frameworks/AudioToolbox.framework; sourceTree = SDKROOT; };
		EA17D7F81811D68E002763B8 /* TDAudioControlViewController.h */ = {isa = PBXFileReference; fileEncoding = 4; lastKnownFileType = sourcecode.c.h; path = TDAudioControlViewController.h; sourceTree = "<group>"; };
		EA17D7F91811D68E002763B8 /* TDAudioControlViewController.m */ = {isa = PBXFileReference; fileEncoding = 4; lastKnownFileType = sourcecode.c.objc; path = TDAudioControlViewController.m; sourceTree = "<group>"; };
		EA17D7FB1811D9CD002763B8 /* MediaPlayer.framework */ = {isa = PBXFileReference; lastKnownFileType = wrapper.framework; name = MediaPlayer.framework; path = System/Library/Frameworks/MediaPlayer.framework; sourceTree = SDKROOT; };
		EA3E891F182C185900BF7DA3 /* TDDemoPlaylist.h */ = {isa = PBXFileReference; fileEncoding = 4; lastKnownFileType = sourcecode.c.h; path = TDDemoPlaylist.h; sourceTree = "<group>"; };
		EA3E8920182C185900BF7DA3 /* TDDemoPlaylist.m */ = {isa = PBXFileReference; fileEncoding = 4; lastKnownFileType = sourcecode.c.objc; path = TDDemoPlaylist.m; sourceTree = "<group>"; };
		EA7B2E55182048E30007A936 /* TDAudioQueueController.h */ = {isa = PBXFileReference; fileEncoding = 4; lastKnownFileType = sourcecode.c.h; path = TDAudioQueueController.h; sourceTree = "<group>"; };
		EA7B2E56182048E30007A936 /* TDAudioQueueController.m */ = {isa = PBXFileReference; fileEncoding = 4; lastKnownFileType = sourcecode.c.objc; path = TDAudioQueueController.m; sourceTree = "<group>"; };
		EA7B2E58182048FF0007A936 /* TDAudioQueueBufferManager.h */ = {isa = PBXFileReference; fileEncoding = 4; lastKnownFileType = sourcecode.c.h; path = TDAudioQueueBufferManager.h; sourceTree = "<group>"; };
		EA7B2E59182048FF0007A936 /* TDAudioQueueBufferManager.m */ = {isa = PBXFileReference; fileEncoding = 4; lastKnownFileType = sourcecode.c.objc; path = TDAudioQueueBufferManager.m; sourceTree = "<group>"; };
		EA7B2E5B1822A0D00007A936 /* TDAudioQueueFiller.h */ = {isa = PBXFileReference; fileEncoding = 4; lastKnownFileType = sourcecode.c.h; path = TDAudioQueueFiller.h; sourceTree = "<group>"; };
		EA7B2E5C1822A0D00007A936 /* TDAudioQueueFiller.m */ = {isa = PBXFileReference; fileEncoding = 4; lastKnownFileType = sourcecode.c.objc; path = TDAudioQueueFiller.m; sourceTree = "<group>"; };
		EA8302A618242854000C4FDC /* TDDemoTrack.h */ = {isa = PBXFileReference; fileEncoding = 4; lastKnownFileType = sourcecode.c.h; path = TDDemoTrack.h; sourceTree = "<group>"; };
		EA8302A718242854000C4FDC /* TDDemoTrack.m */ = {isa = PBXFileReference; fileEncoding = 4; lastKnownFileType = sourcecode.c.objc; path = TDDemoTrack.m; sourceTree = "<group>"; };
		EAA66EB41832A578004FB32A /* NSMutableArray+QueueMethods.h */ = {isa = PBXFileReference; fileEncoding = 4; lastKnownFileType = sourcecode.c.h; path = "NSMutableArray+QueueMethods.h"; sourceTree = "<group>"; };
		EAA66EB51832A578004FB32A /* NSMutableArray+QueueMethods.m */ = {isa = PBXFileReference; fileEncoding = 4; lastKnownFileType = sourcecode.c.objc; path = "NSMutableArray+QueueMethods.m"; sourceTree = "<group>"; };
		EAB2C12A18316EB0008B3F41 /* NSInputStream+URLInitialization.h */ = {isa = PBXFileReference; fileEncoding = 4; lastKnownFileType = sourcecode.c.h; path = "NSInputStream+URLInitialization.h"; sourceTree = "<group>"; };
		EAB2C12B18316EB0008B3F41 /* NSInputStream+URLInitialization.m */ = {isa = PBXFileReference; fileEncoding = 4; lastKnownFileType = sourcecode.c.objc; path = "NSInputStream+URLInitialization.m"; sourceTree = "<group>"; };
		EAB9C62118299903005A0C11 /* TDAudioPlayerConstants.h */ = {isa = PBXFileReference; fileEncoding = 4; lastKnownFileType = sourcecode.c.h; path = TDAudioPlayerConstants.h; sourceTree = "<group>"; };
		EAB9C62218299903005A0C11 /* TDAudioPlayerConstants.m */ = {isa = PBXFileReference; fileEncoding = 4; lastKnownFileType = sourcecode.c.objc; path = TDAudioPlayerConstants.m; sourceTree = "<group>"; };
		EAB9C6241829A1B3005A0C11 /* TDAudioMetaInfo.m */ = {isa = PBXFileReference; fileEncoding = 4; lastKnownFileType = sourcecode.c.objc; path = TDAudioMetaInfo.m; sourceTree = "<group>"; };
		EABB0613180F0C96006E7D66 /* TDAudioPlayer.app */ = {isa = PBXFileReference; explicitFileType = wrapper.application; includeInIndex = 0; path = TDAudioPlayer.app; sourceTree = BUILT_PRODUCTS_DIR; };
		EABB0616180F0C96006E7D66 /* Foundation.framework */ = {isa = PBXFileReference; lastKnownFileType = wrapper.framework; name = Foundation.framework; path = System/Library/Frameworks/Foundation.framework; sourceTree = SDKROOT; };
		EABB0618180F0C96006E7D66 /* CoreGraphics.framework */ = {isa = PBXFileReference; lastKnownFileType = wrapper.framework; name = CoreGraphics.framework; path = System/Library/Frameworks/CoreGraphics.framework; sourceTree = SDKROOT; };
		EABB061A180F0C96006E7D66 /* UIKit.framework */ = {isa = PBXFileReference; lastKnownFileType = wrapper.framework; name = UIKit.framework; path = System/Library/Frameworks/UIKit.framework; sourceTree = SDKROOT; };
		EABB061E180F0C96006E7D66 /* TDAudioPlayer-Info.plist */ = {isa = PBXFileReference; lastKnownFileType = text.plist.xml; path = "TDAudioPlayer-Info.plist"; sourceTree = "<group>"; };
		EABB0620180F0C96006E7D66 /* en */ = {isa = PBXFileReference; lastKnownFileType = text.plist.strings; name = en; path = en.lproj/InfoPlist.strings; sourceTree = "<group>"; };
		EABB0622180F0C96006E7D66 /* main.m */ = {isa = PBXFileReference; lastKnownFileType = sourcecode.c.objc; path = main.m; sourceTree = "<group>"; };
		EABB0624180F0C96006E7D66 /* TDAudioPlayer-Prefix.pch */ = {isa = PBXFileReference; lastKnownFileType = sourcecode.c.h; path = "TDAudioPlayer-Prefix.pch"; sourceTree = "<group>"; };
		EABB0625180F0C96006E7D66 /* TDAppDelegate.h */ = {isa = PBXFileReference; fileEncoding = 4; lastKnownFileType = sourcecode.c.h; path = TDAppDelegate.h; sourceTree = "<group>"; };
		EABB0626180F0C96006E7D66 /* TDAppDelegate.m */ = {isa = PBXFileReference; lastKnownFileType = sourcecode.c.objc; path = TDAppDelegate.m; sourceTree = "<group>"; };
		EABB0629180F0C96006E7D66 /* Base */ = {isa = PBXFileReference; lastKnownFileType = file.storyboard; name = Base; path = Base.lproj/Main.storyboard; sourceTree = "<group>"; };
		EABB062B180F0C96006E7D66 /* TDMasterViewController.h */ = {isa = PBXFileReference; lastKnownFileType = sourcecode.c.h; path = TDMasterViewController.h; sourceTree = "<group>"; };
		EABB062C180F0C96006E7D66 /* TDMasterViewController.m */ = {isa = PBXFileReference; lastKnownFileType = sourcecode.c.objc; path = TDMasterViewController.m; sourceTree = "<group>"; };
		EABB0631180F0C96006E7D66 /* Images.xcassets */ = {isa = PBXFileReference; lastKnownFileType = folder.assetcatalog; path = Images.xcassets; sourceTree = "<group>"; };
		EABB0637180F0C96006E7D66 /* TDAudioPlayerTests.xctest */ = {isa = PBXFileReference; explicitFileType = wrapper.cfbundle; includeInIndex = 0; path = TDAudioPlayerTests.xctest; sourceTree = BUILT_PRODUCTS_DIR; };
		EABB0638180F0C96006E7D66 /* XCTest.framework */ = {isa = PBXFileReference; lastKnownFileType = wrapper.framework; name = XCTest.framework; path = Library/Frameworks/XCTest.framework; sourceTree = DEVELOPER_DIR; };
		EABB0640180F0C96006E7D66 /* TDAudioPlayerTests-Info.plist */ = {isa = PBXFileReference; lastKnownFileType = text.plist.xml; path = "TDAudioPlayerTests-Info.plist"; sourceTree = "<group>"; };
		EABB0642180F0C96006E7D66 /* en */ = {isa = PBXFileReference; lastKnownFileType = text.plist.strings; name = en; path = en.lproj/InfoPlist.strings; sourceTree = "<group>"; };
		EABB0644180F0C96006E7D66 /* TDAudioPlayerTests.m */ = {isa = PBXFileReference; lastKnownFileType = sourcecode.c.objc; path = TDAudioPlayerTests.m; sourceTree = "<group>"; };
/* End PBXFileReference section */

/* Begin PBXFrameworksBuildPhase section */
		EABB0610180F0C96006E7D66 /* Frameworks */ = {
			isa = PBXFrameworksBuildPhase;
			buildActionMask = 2147483647;
			files = (
				EA17D7FC1811D9CD002763B8 /* MediaPlayer.framework in Frameworks */,
				EA17D7F71811C2E1002763B8 /* AudioToolbox.framework in Frameworks */,
				EA17D7F51811C2D8002763B8 /* AVFoundation.framework in Frameworks */,
				EABB0619180F0C96006E7D66 /* CoreGraphics.framework in Frameworks */,
				EABB061B180F0C96006E7D66 /* UIKit.framework in Frameworks */,
				EABB0617180F0C96006E7D66 /* Foundation.framework in Frameworks */,
			);
			runOnlyForDeploymentPostprocessing = 0;
		};
		EABB0634180F0C96006E7D66 /* Frameworks */ = {
			isa = PBXFrameworksBuildPhase;
			buildActionMask = 2147483647;
			files = (
				EABB0639180F0C96006E7D66 /* XCTest.framework in Frameworks */,
				EABB063B180F0C96006E7D66 /* UIKit.framework in Frameworks */,
				EABB063A180F0C96006E7D66 /* Foundation.framework in Frameworks */,
			);
			runOnlyForDeploymentPostprocessing = 0;
		};
/* End PBXFrameworksBuildPhase section */

/* Begin PBXGroup section */
		EA17D7D1180F1329002763B8 /* AudioStreamer */ = {
			isa = PBXGroup;
			children = (
				EAB2C12918316E5D008B3F41 /* Categories */,
				EA17D7D3180F1360002763B8 /* Classes */,
				EA17D7E0180F1393002763B8 /* TDAudioInputStreamer.h */,
				EA17D7E1180F1393002763B8 /* TDAudioInputStreamer.m */,
			);
			path = AudioStreamer;
			sourceTree = "<group>";
		};
		EA17D7D2180F1333002763B8 /* AudioPlayer */ = {
			isa = PBXGroup;
			children = (
				EA17D7ED180FB90E002763B8 /* Classes */,
				EA17D7E7180F7A94002763B8 /* TDAudioPlayer.h */,
				EA17D7E8180F7A94002763B8 /* TDAudioPlayer.m */,
			);
			path = AudioPlayer;
			sourceTree = "<group>";
		};
		EA17D7D3180F1360002763B8 /* Classes */ = {
			isa = PBXGroup;
			children = (
				EA17D7D4180F138A002763B8 /* TDAudioFileStream.h */,
				EA17D7D5180F138A002763B8 /* TDAudioFileStream.m */,
				EA17D7D6180F138A002763B8 /* TDAudioQueue.h */,
				EA17D7D7180F138A002763B8 /* TDAudioQueue.m */,
				EA17D7D8180F138A002763B8 /* TDAudioQueueBuffer.h */,
				EA17D7D9180F138A002763B8 /* TDAudioQueueBuffer.m */,
				EA17D7DA180F138A002763B8 /* TDAudioStream.h */,
				EA17D7DB180F138A002763B8 /* TDAudioStream.m */,
				EA7B2E55182048E30007A936 /* TDAudioQueueController.h */,
				EA7B2E56182048E30007A936 /* TDAudioQueueController.m */,
				EA7B2E58182048FF0007A936 /* TDAudioQueueBufferManager.h */,
				EA7B2E59182048FF0007A936 /* TDAudioQueueBufferManager.m */,
				EA7B2E5B1822A0D00007A936 /* TDAudioQueueFiller.h */,
				EA7B2E5C1822A0D00007A936 /* TDAudioQueueFiller.m */,
			);
			path = Classes;
			sourceTree = "<group>";
		};
		EA17D7ED180FB90E002763B8 /* Classes */ = {
			isa = PBXGroup;
			children = (
				EA17D7EE180FB963002763B8 /* TDAudioMetaInfo.h */,
				EAB9C6241829A1B3005A0C11 /* TDAudioMetaInfo.m */,
			);
			path = Classes;
			sourceTree = "<group>";
		};
		EA3E891D182C175A00BF7DA3 /* Classes */ = {
			isa = PBXGroup;
			children = (
				EA8302A618242854000C4FDC /* TDDemoTrack.h */,
				EA8302A718242854000C4FDC /* TDDemoTrack.m */,
				EA3E891F182C185900BF7DA3 /* TDDemoPlaylist.h */,
				EA3E8920182C185900BF7DA3 /* TDDemoPlaylist.m */,
			);
			path = Classes;
			sourceTree = "<group>";
		};
		EA3E891E182C176100BF7DA3 /* Views */ = {
			isa = PBXGroup;
			children = (
				EABB062B180F0C96006E7D66 /* TDMasterViewController.h */,
				EABB062C180F0C96006E7D66 /* TDMasterViewController.m */,
				EA17D7E4180F1A89002763B8 /* TDSingleStreamViewController.h */,
				EA17D7E5180F1A89002763B8 /* TDSingleStreamViewController.m */,
				EA17D7F118105C1D002763B8 /* TDMultiStreamViewController.h */,
				EA17D7F218105C1D002763B8 /* TDMultiStreamViewController.m */,
				EA17D7F81811D68E002763B8 /* TDAudioControlViewController.h */,
				EA17D7F91811D68E002763B8 /* TDAudioControlViewController.m */,
			);
			path = Views;
			sourceTree = "<group>";
		};
		EAB2C12918316E5D008B3F41 /* Categories */ = {
			isa = PBXGroup;
			children = (
				EAB2C12A18316EB0008B3F41 /* NSInputStream+URLInitialization.h */,
				EAB2C12B18316EB0008B3F41 /* NSInputStream+URLInitialization.m */,
				EAA66EB41832A578004FB32A /* NSMutableArray+QueueMethods.h */,
				EAA66EB51832A578004FB32A /* NSMutableArray+QueueMethods.m */,
			);
			path = Categories;
			sourceTree = "<group>";
		};
		EABB060A180F0C96006E7D66 = {
			isa = PBXGroup;
			children = (
				EABB061C180F0C96006E7D66 /* TDAudioPlayer */,
				EABB063E180F0C96006E7D66 /* TDAudioPlayerTests */,
				EABB0615180F0C96006E7D66 /* Frameworks */,
				EABB0614180F0C96006E7D66 /* Products */,
			);
			indentWidth = 4;
			sourceTree = "<group>";
			tabWidth = 4;
			usesTabs = 0;
		};
		EABB0614180F0C96006E7D66 /* Products */ = {
			isa = PBXGroup;
			children = (
				EABB0613180F0C96006E7D66 /* TDAudioPlayer.app */,
				EABB0637180F0C96006E7D66 /* TDAudioPlayerTests.xctest */,
			);
			name = Products;
			sourceTree = "<group>";
		};
		EABB0615180F0C96006E7D66 /* Frameworks */ = {
			isa = PBXGroup;
			children = (
				EA17D7FB1811D9CD002763B8 /* MediaPlayer.framework */,
				EA17D7F61811C2E1002763B8 /* AudioToolbox.framework */,
				EA17D7F41811C2D8002763B8 /* AVFoundation.framework */,
				EABB0616180F0C96006E7D66 /* Foundation.framework */,
				EABB0618180F0C96006E7D66 /* CoreGraphics.framework */,
				EABB061A180F0C96006E7D66 /* UIKit.framework */,
				EABB0638180F0C96006E7D66 /* XCTest.framework */,
			);
			name = Frameworks;
			sourceTree = "<group>";
		};
		EABB061C180F0C96006E7D66 /* TDAudioPlayer */ = {
			isa = PBXGroup;
			children = (
				EABB064F180F0D1F006E7D66 /* AudioPlayerLibrary */,
				EABB064E180F0CE2006E7D66 /* Demo */,
			);
			path = TDAudioPlayer;
			sourceTree = "<group>";
		};
		EABB061D180F0C96006E7D66 /* Supporting Files */ = {
			isa = PBXGroup;
			children = (
				EABB061E180F0C96006E7D66 /* TDAudioPlayer-Info.plist */,
				EABB061F180F0C96006E7D66 /* InfoPlist.strings */,
				EABB0622180F0C96006E7D66 /* main.m */,
				EABB0624180F0C96006E7D66 /* TDAudioPlayer-Prefix.pch */,
			);
			path = "Supporting Files";
			sourceTree = "<group>";
		};
		EABB063E180F0C96006E7D66 /* TDAudioPlayerTests */ = {
			isa = PBXGroup;
			children = (
				EABB0644180F0C96006E7D66 /* TDAudioPlayerTests.m */,
				EABB063F180F0C96006E7D66 /* Supporting Files */,
			);
			path = TDAudioPlayerTests;
			sourceTree = "<group>";
		};
		EABB063F180F0C96006E7D66 /* Supporting Files */ = {
			isa = PBXGroup;
			children = (
				EABB0640180F0C96006E7D66 /* TDAudioPlayerTests-Info.plist */,
				EABB0641180F0C96006E7D66 /* InfoPlist.strings */,
			);
			name = "Supporting Files";
			sourceTree = "<group>";
		};
		EABB064E180F0CE2006E7D66 /* Demo */ = {
			isa = PBXGroup;
			children = (
				EA3E891E182C176100BF7DA3 /* Views */,
				EA3E891D182C175A00BF7DA3 /* Classes */,
				EABB0625180F0C96006E7D66 /* TDAppDelegate.h */,
				EABB0626180F0C96006E7D66 /* TDAppDelegate.m */,
				EABB0628180F0C96006E7D66 /* Main.storyboard */,
				EABB0631180F0C96006E7D66 /* Images.xcassets */,
				EABB061D180F0C96006E7D66 /* Supporting Files */,
			);
			path = Demo;
			sourceTree = "<group>";
		};
		EABB064F180F0D1F006E7D66 /* AudioPlayerLibrary */ = {
			isa = PBXGroup;
			children = (
				EA17D7D2180F1333002763B8 /* AudioPlayer */,
				EA17D7D1180F1329002763B8 /* AudioStreamer */,
				EAB9C62118299903005A0C11 /* TDAudioPlayerConstants.h */,
				EAB9C62218299903005A0C11 /* TDAudioPlayerConstants.m */,
			);
			path = AudioPlayerLibrary;
			sourceTree = "<group>";
		};
/* End PBXGroup section */

/* Begin PBXNativeTarget section */
		EABB0612180F0C96006E7D66 /* TDAudioPlayer */ = {
			isa = PBXNativeTarget;
			buildConfigurationList = EABB0648180F0C96006E7D66 /* Build configuration list for PBXNativeTarget "TDAudioPlayer" */;
			buildPhases = (
				EABB060F180F0C96006E7D66 /* Sources */,
				EABB0610180F0C96006E7D66 /* Frameworks */,
				EABB0611180F0C96006E7D66 /* Resources */,
				5FB9BA3E41E64E259FC86067 /* Warn for TODO and FIXME comments */,
			);
			buildRules = (
			);
			dependencies = (
			);
			name = TDAudioPlayer;
			productName = TDAudioPlayer;
			productReference = EABB0613180F0C96006E7D66 /* TDAudioPlayer.app */;
			productType = "com.apple.product-type.application";
		};
		EABB0636180F0C96006E7D66 /* TDAudioPlayerTests */ = {
			isa = PBXNativeTarget;
			buildConfigurationList = EABB064B180F0C96006E7D66 /* Build configuration list for PBXNativeTarget "TDAudioPlayerTests" */;
			buildPhases = (
				EABB0633180F0C96006E7D66 /* Sources */,
				EABB0634180F0C96006E7D66 /* Frameworks */,
				EABB0635180F0C96006E7D66 /* Resources */,
			);
			buildRules = (
			);
			dependencies = (
				EABB063D180F0C96006E7D66 /* PBXTargetDependency */,
			);
			name = TDAudioPlayerTests;
			productName = TDAudioPlayerTests;
			productReference = EABB0637180F0C96006E7D66 /* TDAudioPlayerTests.xctest */;
			productType = "com.apple.product-type.bundle.unit-test";
		};
/* End PBXNativeTarget section */

/* Begin PBXProject section */
		EABB060B180F0C96006E7D66 /* Project object */ = {
			isa = PBXProject;
			attributes = {
				CLASSPREFIX = TD;
				LastUpgradeCheck = 0500;
				ORGANIZATIONNAME = "Tony DiPasquale";
				TargetAttributes = {
					EABB0612180F0C96006E7D66 = {
						DevelopmentTeam = 7X7CX2JX3F;
						SystemCapabilities = {
							com.apple.BackgroundModes = {
								enabled = 1;
							};
						};
					};
					EABB0636180F0C96006E7D66 = {
						TestTargetID = EABB0612180F0C96006E7D66;
					};
				};
			};
			buildConfigurationList = EABB060E180F0C96006E7D66 /* Build configuration list for PBXProject "TDAudioPlayer" */;
			compatibilityVersion = "Xcode 3.2";
			developmentRegion = English;
			hasScannedForEncodings = 0;
			knownRegions = (
				en,
				Base,
			);
			mainGroup = EABB060A180F0C96006E7D66;
			productRefGroup = EABB0614180F0C96006E7D66 /* Products */;
			projectDirPath = "";
			projectRoot = "";
			targets = (
				EABB0612180F0C96006E7D66 /* TDAudioPlayer */,
				EABB0636180F0C96006E7D66 /* TDAudioPlayerTests */,
			);
		};
/* End PBXProject section */

/* Begin PBXResourcesBuildPhase section */
		EABB0611180F0C96006E7D66 /* Resources */ = {
			isa = PBXResourcesBuildPhase;
			buildActionMask = 2147483647;
			files = (
				EABB0632180F0C96006E7D66 /* Images.xcassets in Resources */,
				EABB0621180F0C96006E7D66 /* InfoPlist.strings in Resources */,
				EABB062A180F0C96006E7D66 /* Main.storyboard in Resources */,
			);
			runOnlyForDeploymentPostprocessing = 0;
		};
		EABB0635180F0C96006E7D66 /* Resources */ = {
			isa = PBXResourcesBuildPhase;
			buildActionMask = 2147483647;
			files = (
				EABB0643180F0C96006E7D66 /* InfoPlist.strings in Resources */,
			);
			runOnlyForDeploymentPostprocessing = 0;
		};
/* End PBXResourcesBuildPhase section */

/* Begin PBXShellScriptBuildPhase section */
		5FB9BA3E41E64E259FC86067 /* Warn for TODO and FIXME comments */ = {
			isa = PBXShellScriptBuildPhase;
			buildActionMask = 2147483647;
			files = (
			);
			inputPaths = (
			);
			name = "Warn for TODO and FIXME comments";
			outputPaths = (
			);
			runOnlyForDeploymentPostprocessing = 0;
			shellPath = /bin/sh;
			shellScript = "KEYWORDS=\"TODO:|FIXME:|\\?\\?\\?:|\\!\\!\\!:\"\nFILE_EXTENSIONS=\"h|m|mm|c|cpp\"\nfind -E \"${SRCROOT}\" -ipath \"${SRCROOT}/pods\" -prune -o \\( -regex \".*\\.($FILE_EXTENSIONS)$\" \\) -print0 | xargs -0 egrep --with-filename --line-number --only-matching \"($KEYWORDS).*\\$\" | perl -p -e \"s/($KEYWORDS)/ warning: \\$1/\"\n";
		};
/* End PBXShellScriptBuildPhase section */

/* Begin PBXSourcesBuildPhase section */
		EABB060F180F0C96006E7D66 /* Sources */ = {
			isa = PBXSourcesBuildPhase;
			buildActionMask = 2147483647;
			files = (
				EA17D7DF180F138A002763B8 /* TDAudioStream.m in Sources */,
				EA17D7F318105C1D002763B8 /* TDMultiStreamViewController.m in Sources */,
				EA17D7E2180F1393002763B8 /* TDAudioInputStreamer.m in Sources */,
				EABB0627180F0C96006E7D66 /* TDAppDelegate.m in Sources */,
				EA8302A818242854000C4FDC /* TDDemoTrack.m in Sources */,
				EAB9C6251829A1B3005A0C11 /* TDAudioMetaInfo.m in Sources */,
				EAA66EB61832A579004FB32A /* NSMutableArray+QueueMethods.m in Sources */,
				EA17D7E6180F1A89002763B8 /* TDSingleStreamViewController.m in Sources */,
				EA3E8921182C185900BF7DA3 /* TDDemoPlaylist.m in Sources */,
				EA17D7DD180F138A002763B8 /* TDAudioQueue.m in Sources */,
				EA17D7DE180F138A002763B8 /* TDAudioQueueBuffer.m in Sources */,
				EA17D7DC180F138A002763B8 /* TDAudioFileStream.m in Sources */,
				EA17D7E9180F7A94002763B8 /* TDAudioPlayer.m in Sources */,
				EAB9C62318299903005A0C11 /* TDAudioPlayerConstants.m in Sources */,
				EA7B2E5A182048FF0007A936 /* TDAudioQueueBufferManager.m in Sources */,
				EABB0623180F0C96006E7D66 /* main.m in Sources */,
				EA17D7FA1811D68E002763B8 /* TDAudioControlViewController.m in Sources */,
				EA7B2E5D1822A0D00007A936 /* TDAudioQueueFiller.m in Sources */,
				EAB2C12C18316EB0008B3F41 /* NSInputStream+URLInitialization.m in Sources */,
				EA7B2E57182048E30007A936 /* TDAudioQueueController.m in Sources */,
				EABB062D180F0C96006E7D66 /* TDMasterViewController.m in Sources */,
			);
			runOnlyForDeploymentPostprocessing = 0;
		};
		EABB0633180F0C96006E7D66 /* Sources */ = {
			isa = PBXSourcesBuildPhase;
			buildActionMask = 2147483647;
			files = (
				EABB0645180F0C96006E7D66 /* TDAudioPlayerTests.m in Sources */,
			);
			runOnlyForDeploymentPostprocessing = 0;
		};
/* End PBXSourcesBuildPhase section */

/* Begin PBXTargetDependency section */
		EABB063D180F0C96006E7D66 /* PBXTargetDependency */ = {
			isa = PBXTargetDependency;
			target = EABB0612180F0C96006E7D66 /* TDAudioPlayer */;
			targetProxy = EABB063C180F0C96006E7D66 /* PBXContainerItemProxy */;
		};
/* End PBXTargetDependency section */

/* Begin PBXVariantGroup section */
		EABB061F180F0C96006E7D66 /* InfoPlist.strings */ = {
			isa = PBXVariantGroup;
			children = (
				EABB0620180F0C96006E7D66 /* en */,
			);
			name = InfoPlist.strings;
			sourceTree = "<group>";
		};
		EABB0628180F0C96006E7D66 /* Main.storyboard */ = {
			isa = PBXVariantGroup;
			children = (
				EABB0629180F0C96006E7D66 /* Base */,
			);
			name = Main.storyboard;
			path = /Users/tony/dev/TDAudioPlayer/TDAudioPlayer/Demo;
			sourceTree = "<absolute>";
		};
		EABB0641180F0C96006E7D66 /* InfoPlist.strings */ = {
			isa = PBXVariantGroup;
			children = (
				EABB0642180F0C96006E7D66 /* en */,
			);
			name = InfoPlist.strings;
			sourceTree = "<group>";
		};
/* End PBXVariantGroup section */

/* Begin XCBuildConfiguration section */
		EABB0646180F0C96006E7D66 /* Debug */ = {
			isa = XCBuildConfiguration;
			buildSettings = {
				ALWAYS_SEARCH_USER_PATHS = NO;
				ARCHS = "$(ARCHS_STANDARD_INCLUDING_64_BIT)";
				CLANG_CXX_LANGUAGE_STANDARD = "gnu++0x";
				CLANG_CXX_LIBRARY = "libc++";
				CLANG_ENABLE_MODULES = YES;
				CLANG_ENABLE_OBJC_ARC = YES;
				CLANG_WARN_BOOL_CONVERSION = YES;
				CLANG_WARN_CONSTANT_CONVERSION = YES;
				CLANG_WARN_DEPRECATED_OBJC_IMPLEMENTATIONS = YES;
				CLANG_WARN_DIRECT_OBJC_ISA_USAGE = YES_ERROR;
				CLANG_WARN_EMPTY_BODY = YES;
				CLANG_WARN_ENUM_CONVERSION = YES;
				CLANG_WARN_INT_CONVERSION = YES;
				CLANG_WARN_OBJC_IMPLICIT_RETAIN_SELF = YES;
				CLANG_WARN_OBJC_ROOT_CLASS = YES_ERROR;
				CLANG_WARN__DUPLICATE_METHOD_MATCH = YES;
				"CODE_SIGN_IDENTITY[sdk=iphoneos*]" = "iPhone Developer";
				COPY_PHASE_STRIP = NO;
				GCC_C_LANGUAGE_STANDARD = gnu99;
				GCC_DYNAMIC_NO_PIC = NO;
				GCC_OPTIMIZATION_LEVEL = 0;
				GCC_PREPROCESSOR_DEFINITIONS = (
					"DEBUG=1",
					"$(inherited)",
				);
				GCC_SYMBOLS_PRIVATE_EXTERN = NO;
				GCC_WARN_64_TO_32_BIT_CONVERSION = YES;
				GCC_WARN_ABOUT_MISSING_FIELD_INITIALIZERS = YES;
				GCC_WARN_ABOUT_MISSING_NEWLINE = YES;
				GCC_WARN_ABOUT_RETURN_TYPE = YES;
				GCC_WARN_CHECK_SWITCH_STATEMENTS = YES;
				GCC_WARN_INITIALIZER_NOT_FULLY_BRACKETED = YES;
				GCC_WARN_MISSING_PARENTHESES = YES;
				GCC_WARN_SHADOW = YES;
				GCC_WARN_SIGN_COMPARE = YES;
				GCC_WARN_TYPECHECK_CALLS_TO_PRINTF = YES;
				GCC_WARN_UNDECLARED_SELECTOR = YES;
				GCC_WARN_UNINITIALIZED_AUTOS = YES;
				GCC_WARN_UNUSED_FUNCTION = YES;
				GCC_WARN_UNUSED_LABEL = YES;
				GCC_WARN_UNUSED_VALUE = YES;
				GCC_WARN_UNUSED_VARIABLE = YES;
				IPHONEOS_DEPLOYMENT_TARGET = 7.0;
				ONLY_ACTIVE_ARCH = YES;
				RUN_CLANG_STATIC_ANALYZER = YES;
				SDKROOT = iphoneos;
			};
			name = Debug;
		};
		EABB0647180F0C96006E7D66 /* Release */ = {
			isa = XCBuildConfiguration;
			buildSettings = {
				ALWAYS_SEARCH_USER_PATHS = NO;
				ARCHS = "$(ARCHS_STANDARD_INCLUDING_64_BIT)";
				CLANG_CXX_LANGUAGE_STANDARD = "gnu++0x";
				CLANG_CXX_LIBRARY = "libc++";
				CLANG_ENABLE_MODULES = YES;
				CLANG_ENABLE_OBJC_ARC = YES;
				CLANG_WARN_BOOL_CONVERSION = YES;
				CLANG_WARN_CONSTANT_CONVERSION = YES;
				CLANG_WARN_DEPRECATED_OBJC_IMPLEMENTATIONS = YES;
				CLANG_WARN_DIRECT_OBJC_ISA_USAGE = YES_ERROR;
				CLANG_WARN_EMPTY_BODY = YES;
				CLANG_WARN_ENUM_CONVERSION = YES;
				CLANG_WARN_INT_CONVERSION = YES;
				CLANG_WARN_OBJC_IMPLICIT_RETAIN_SELF = YES;
				CLANG_WARN_OBJC_ROOT_CLASS = YES_ERROR;
				CLANG_WARN__DUPLICATE_METHOD_MATCH = YES;
				"CODE_SIGN_IDENTITY[sdk=iphoneos*]" = "iPhone Developer";
				COPY_PHASE_STRIP = YES;
				ENABLE_NS_ASSERTIONS = NO;
				GCC_C_LANGUAGE_STANDARD = gnu99;
				GCC_WARN_64_TO_32_BIT_CONVERSION = YES;
				GCC_WARN_ABOUT_MISSING_FIELD_INITIALIZERS = YES;
				GCC_WARN_ABOUT_MISSING_NEWLINE = YES;
				GCC_WARN_ABOUT_RETURN_TYPE = YES;
				GCC_WARN_CHECK_SWITCH_STATEMENTS = YES;
				GCC_WARN_INITIALIZER_NOT_FULLY_BRACKETED = YES;
				GCC_WARN_MISSING_PARENTHESES = YES;
				GCC_WARN_SHADOW = YES;
				GCC_WARN_SIGN_COMPARE = YES;
				GCC_WARN_TYPECHECK_CALLS_TO_PRINTF = YES;
				GCC_WARN_UNDECLARED_SELECTOR = YES;
				GCC_WARN_UNINITIALIZED_AUTOS = YES;
				GCC_WARN_UNUSED_FUNCTION = YES;
				GCC_WARN_UNUSED_LABEL = YES;
				GCC_WARN_UNUSED_VALUE = YES;
				GCC_WARN_UNUSED_VARIABLE = YES;
				IPHONEOS_DEPLOYMENT_TARGET = 7.0;
				RUN_CLANG_STATIC_ANALYZER = YES;
				SDKROOT = iphoneos;
				VALIDATE_PRODUCT = YES;
			};
			name = Release;
		};
		EABB0649180F0C96006E7D66 /* Debug */ = {
			isa = XCBuildConfiguration;
			buildSettings = {
				ASSETCATALOG_COMPILER_APPICON_NAME = AppIcon;
				ASSETCATALOG_COMPILER_LAUNCHIMAGE_NAME = LaunchImage;
				CODE_SIGN_IDENTITY = "iPhone Developer";
				"CODE_SIGN_IDENTITY[sdk=iphoneos*]" = "iPhone Developer";
				GCC_PRECOMPILE_PREFIX_HEADER = YES;
				GCC_PREFIX_HEADER = "TDAudioPlayer/Demo/Supporting Files/TDAudioPlayer-Prefix.pch";
				INFOPLIST_FILE = "TDAudioPlayer/Demo/Supporting Files/TDAudioPlayer-Info.plist";
				PRODUCT_NAME = "$(TARGET_NAME)";
				PROVISIONING_PROFILE = "";
				WRAPPER_EXTENSION = app;
			};
			name = Debug;
		};
		EABB064A180F0C96006E7D66 /* Release */ = {
			isa = XCBuildConfiguration;
			buildSettings = {
				ASSETCATALOG_COMPILER_APPICON_NAME = AppIcon;
				ASSETCATALOG_COMPILER_LAUNCHIMAGE_NAME = LaunchImage;
				CODE_SIGN_IDENTITY = "iPhone Developer";
				"CODE_SIGN_IDENTITY[sdk=iphoneos*]" = "iPhone Developer";
				GCC_PRECOMPILE_PREFIX_HEADER = YES;
				GCC_PREFIX_HEADER = "TDAudioPlayer/Demo/Supporting Files/TDAudioPlayer-Prefix.pch";
				INFOPLIST_FILE = "TDAudioPlayer/Demo/Supporting Files/TDAudioPlayer-Info.plist";
				PRODUCT_NAME = "$(TARGET_NAME)";
				PROVISIONING_PROFILE = "";
				WRAPPER_EXTENSION = app;
			};
			name = Release;
		};
		EABB064C180F0C96006E7D66 /* Debug */ = {
			isa = XCBuildConfiguration;
			buildSettings = {
				ARCHS = "$(ARCHS_STANDARD_INCLUDING_64_BIT)";
				BUNDLE_LOADER = "$(BUILT_PRODUCTS_DIR)/TDAudioPlayer.app/TDAudioPlayer";
				FRAMEWORK_SEARCH_PATHS = (
					"$(SDKROOT)/Developer/Library/Frameworks",
					"$(inherited)",
					"$(DEVELOPER_FRAMEWORKS_DIR)",
				);
				GCC_PRECOMPILE_PREFIX_HEADER = YES;
				GCC_PREFIX_HEADER = "TDAudioPlayer/TDAudioPlayer-Prefix.pch";
				GCC_PREPROCESSOR_DEFINITIONS = (
					"DEBUG=1",
					"$(inherited)",
				);
				INFOPLIST_FILE = "TDAudioPlayerTests/TDAudioPlayerTests-Info.plist";
				PRODUCT_NAME = "$(TARGET_NAME)";
				TEST_HOST = "$(BUNDLE_LOADER)";
				WRAPPER_EXTENSION = xctest;
			};
			name = Debug;
		};
		EABB064D180F0C96006E7D66 /* Release */ = {
			isa = XCBuildConfiguration;
			buildSettings = {
				ARCHS = "$(ARCHS_STANDARD_INCLUDING_64_BIT)";
				BUNDLE_LOADER = "$(BUILT_PRODUCTS_DIR)/TDAudioPlayer.app/TDAudioPlayer";
				FRAMEWORK_SEARCH_PATHS = (
					"$(SDKROOT)/Developer/Library/Frameworks",
					"$(inherited)",
					"$(DEVELOPER_FRAMEWORKS_DIR)",
				);
				GCC_PRECOMPILE_PREFIX_HEADER = YES;
				GCC_PREFIX_HEADER = "TDAudioPlayer/TDAudioPlayer-Prefix.pch";
				INFOPLIST_FILE = "TDAudioPlayerTests/TDAudioPlayerTests-Info.plist";
				PRODUCT_NAME = "$(TARGET_NAME)";
				TEST_HOST = "$(BUNDLE_LOADER)";
				WRAPPER_EXTENSION = xctest;
			};
			name = Release;
		};
/* End XCBuildConfiguration section */

/* Begin XCConfigurationList section */
		EABB060E180F0C96006E7D66 /* Build configuration list for PBXProject "TDAudioPlayer" */ = {
			isa = XCConfigurationList;
			buildConfigurations = (
				EABB0646180F0C96006E7D66 /* Debug */,
				EABB0647180F0C96006E7D66 /* Release */,
			);
			defaultConfigurationIsVisible = 0;
			defaultConfigurationName = Release;
		};
		EABB0648180F0C96006E7D66 /* Build configuration list for PBXNativeTarget "TDAudioPlayer" */ = {
			isa = XCConfigurationList;
			buildConfigurations = (
				EABB0649180F0C96006E7D66 /* Debug */,
				EABB064A180F0C96006E7D66 /* Release */,
			);
			defaultConfigurationIsVisible = 0;
			defaultConfigurationName = Release;
		};
		EABB064B180F0C96006E7D66 /* Build configuration list for PBXNativeTarget "TDAudioPlayerTests" */ = {
			isa = XCConfigurationList;
			buildConfigurations = (
				EABB064C180F0C96006E7D66 /* Debug */,
				EABB064D180F0C96006E7D66 /* Release */,
			);
			defaultConfigurationIsVisible = 0;
			defaultConfigurationName = Release;
		};
/* End XCConfigurationList section */
	};
	rootObject = EABB060B180F0C96006E7D66 /* Project object */;
}
